// !$*UTF8*$!
{
	archiveVersion = 1;
	classes = {
	};
	objectVersion = 46;
	objects = {

/* Begin PBXBuildFile section */
		181DC083240F316D00FDF633 /* Localizable.strings in Resources */ = {isa = PBXBuildFile; fileRef = 181DC085240F316D00FDF633 /* Localizable.strings */; };
		1867996B243EF6C200CD6A8E /* ImageCache.swift in Sources */ = {isa = PBXBuildFile; fileRef = 1867996A243EF6C200CD6A8E /* ImageCache.swift */; };
		18694AD22449883300F97BAA /* UIImageView+Extensions.swift in Sources */ = {isa = PBXBuildFile; fileRef = 18694AD12449883300F97BAA /* UIImageView+Extensions.swift */; };
		18694AD62449891800F97BAA /* ViewController+MiniApp.swift in Sources */ = {isa = PBXBuildFile; fileRef = 18694AD52449891800F97BAA /* ViewController+MiniApp.swift */; };
		188974B82456B02F00042C97 /* FirstLaunchViewController.swift in Sources */ = {isa = PBXBuildFile; fileRef = 188974B72456B02F00042C97 /* FirstLaunchViewController.swift */; };
		188F5921243DC6470042618E /* MiniAppCell.swift in Sources */ = {isa = PBXBuildFile; fileRef = 188F5920243DC6470042618E /* MiniAppCell.swift */; };
		188F5923243DCBAB0042618E /* DisplayNavigationController.swift in Sources */ = {isa = PBXBuildFile; fileRef = 188F5922243DCBAB0042618E /* DisplayNavigationController.swift */; };
		18C59F2B241094F600F66632 /* SettingsTableViewController.swift in Sources */ = {isa = PBXBuildFile; fileRef = 18C59F2A241094F600F66632 /* SettingsTableViewController.swift */; };
		18C59F2D2410ADE300F66632 /* Config.swift in Sources */ = {isa = PBXBuildFile; fileRef = 18C59F2C2410ADE300F66632 /* Config.swift */; };
		18D764392419D08600150A30 /* Config.swift in Sources */ = {isa = PBXBuildFile; fileRef = 18C59F2C2410ADE300F66632 /* Config.swift */; };
		380B69B0245000EA0054DD30 /* String+MiniApp.swift in Sources */ = {isa = PBXBuildFile; fileRef = 380B69AF245000EA0054DD30 /* String+MiniApp.swift */; };
		3813F32324051E1D002703D7 /* MiniAppStatusTests.swift in Sources */ = {isa = PBXBuildFile; fileRef = 3813F32224051E1D002703D7 /* MiniAppStatusTests.swift */; };
		38252B9923DFFBAB008A4E93 /* ListingAPITests.swift in Sources */ = {isa = PBXBuildFile; fileRef = 38252B9823DFFBAB008A4E93 /* ListingAPITests.swift */; };
		38252B9B23DFFBBE008A4E93 /* ManifestAPITests.swift in Sources */ = {isa = PBXBuildFile; fileRef = 38252B9A23DFFBBE008A4E93 /* ManifestAPITests.swift */; };
		38252B9D23E029FA008A4E93 /* ManifestDownloaderTests.swift in Sources */ = {isa = PBXBuildFile; fileRef = 38252B9C23E029FA008A4E93 /* ManifestDownloaderTests.swift */; };
		3850AE722434E02D0046978C /* RealMiniAppTests.swift in Sources */ = {isa = PBXBuildFile; fileRef = 3850AE712434E02D0046978C /* RealMiniAppTests.swift */; };
		385C25CA23F2E8BA00D61206 /* DisplayerTests.swift in Sources */ = {isa = PBXBuildFile; fileRef = 385C25C923F2E8BA00D61206 /* DisplayerTests.swift */; };
		385C25D023F3991C00D61206 /* RealMiniAppViewTests.swift in Sources */ = {isa = PBXBuildFile; fileRef = 385C25CF23F3991C00D61206 /* RealMiniAppViewTests.swift */; };
		3862EFA823EA5752004D518C /* MiniApp+URLRequestTests.swift in Sources */ = {isa = PBXBuildFile; fileRef = 3862EFA723EA5752004D518C /* MiniApp+URLRequestTests.swift */; };
		3862EFB123EABC15004D518C /* MiniAppDownloaderTests.swift in Sources */ = {isa = PBXBuildFile; fileRef = 3862EFB023EABC15004D518C /* MiniAppDownloaderTests.swift */; };
		3862EFB523EAF6B8004D518C /* MiniApp+NSErrorTests.swift in Sources */ = {isa = PBXBuildFile; fileRef = 3862EFB423EAF6B8004D518C /* MiniApp+NSErrorTests.swift */; };
		386A913C23F653E800F5DB1B /* DisplayController.swift in Sources */ = {isa = PBXBuildFile; fileRef = 386A913B23F653E800F5DB1B /* DisplayController.swift */; };
		38777D9323F67BD2008716A7 /* Progress+UIViewController.swift in Sources */ = {isa = PBXBuildFile; fileRef = 38777D9223F67BD2008716A7 /* Progress+UIViewController.swift */; };
		3878D4D423B44F85001E27F8 /* AppDelegate.swift in Sources */ = {isa = PBXBuildFile; fileRef = 3878D4D123B44F85001E27F8 /* AppDelegate.swift */; };
		3878D4D523B44F85001E27F8 /* Images.xcassets in Resources */ = {isa = PBXBuildFile; fileRef = 3878D4D223B44F85001E27F8 /* Images.xcassets */; };
		3878D4D623B44F85001E27F8 /* ViewController.swift in Sources */ = {isa = PBXBuildFile; fileRef = 3878D4D323B44F85001E27F8 /* ViewController.swift */; };
		388FEEE623DEABCF0062382F /* EnvironmentTests.swift in Sources */ = {isa = PBXBuildFile; fileRef = 388FEEE523DEABCF0062382F /* EnvironmentTests.swift */; };
		3899C2C0242331900087A619 /* URLSchemeHandlerTests.swift in Sources */ = {isa = PBXBuildFile; fileRef = 3899C2BF242331900087A619 /* URLSchemeHandlerTests.swift */; };
		389FA23023D01FA800BC3120 /* MiniAppClientTests.swift in Sources */ = {isa = PBXBuildFile; fileRef = 389FA22F23D01FA800BC3120 /* MiniAppClientTests.swift */; };
		38F3B7F024192E7300914E37 /* UrlParserTests.swift in Sources */ = {isa = PBXBuildFile; fileRef = 38F3B7EF24192E7300914E37 /* UrlParserTests.swift */; };
		38F73B4523D554FE00F2C1CE /* Helpers.swift in Sources */ = {isa = PBXBuildFile; fileRef = 38F73B4423D554FE00F2C1CE /* Helpers.swift */; };
		38F73B4723D55CCB00F2C1CE /* MiniAppInfoFetcherTests.swift in Sources */ = {isa = PBXBuildFile; fileRef = 38F73B4623D55CCB00F2C1CE /* MiniAppInfoFetcherTests.swift */; };
		38FC4653244628F600BE33E0 /* MiniAppScriptMessageHandlerTests.swift in Sources */ = {isa = PBXBuildFile; fileRef = 38FC4652244628F600BE33E0 /* MiniAppScriptMessageHandlerTests.swift */; };
		607FACDB1AFB9204008FA782 /* Main.storyboard in Resources */ = {isa = PBXBuildFile; fileRef = 607FACD91AFB9204008FA782 /* Main.storyboard */; };
		607FACE01AFB9204008FA782 /* LaunchScreen.xib in Resources */ = {isa = PBXBuildFile; fileRef = 607FACDE1AFB9204008FA782 /* LaunchScreen.xib */; };
/* End PBXBuildFile section */

/* Begin PBXContainerItemProxy section */
		607FACE61AFB9204008FA782 /* PBXContainerItemProxy */ = {
			isa = PBXContainerItemProxy;
			containerPortal = 607FACC81AFB9204008FA782 /* Project object */;
			proxyType = 1;
			remoteGlobalIDString = 607FACCF1AFB9204008FA782;
			remoteInfo = MiniApp;
		};
/* End PBXContainerItemProxy section */

/* Begin PBXFileReference section */
		181DC084240F316D00FDF633 /* en */ = {isa = PBXFileReference; lastKnownFileType = text.plist.strings; name = en; path = en.lproj/Localizable.strings; sourceTree = "<group>"; };
		1867996A243EF6C200CD6A8E /* ImageCache.swift */ = {isa = PBXFileReference; fileEncoding = 4; lastKnownFileType = sourcecode.swift; name = ImageCache.swift; path = ../Example/ImageCache.swift; sourceTree = "<group>"; };
		18694AD12449883300F97BAA /* UIImageView+Extensions.swift */ = {isa = PBXFileReference; lastKnownFileType = sourcecode.swift; name = "UIImageView+Extensions.swift"; path = "Example/UIImageView+Extensions.swift"; sourceTree = SOURCE_ROOT; };
		18694AD52449891800F97BAA /* ViewController+MiniApp.swift */ = {isa = PBXFileReference; lastKnownFileType = sourcecode.swift; name = "ViewController+MiniApp.swift"; path = "Example/ViewController+MiniApp.swift"; sourceTree = SOURCE_ROOT; };
		188974B72456B02F00042C97 /* FirstLaunchViewController.swift */ = {isa = PBXFileReference; lastKnownFileType = sourcecode.swift; name = FirstLaunchViewController.swift; path = Example/FirstLaunchViewController.swift; sourceTree = SOURCE_ROOT; };
		188F5920243DC6470042618E /* MiniAppCell.swift */ = {isa = PBXFileReference; lastKnownFileType = sourcecode.swift; name = MiniAppCell.swift; path = ../Example/MiniAppCell.swift; sourceTree = "<group>"; };
		188F5922243DCBAB0042618E /* DisplayNavigationController.swift */ = {isa = PBXFileReference; lastKnownFileType = sourcecode.swift; name = DisplayNavigationController.swift; path = ../Example/DisplayNavigationController.swift; sourceTree = "<group>"; };
		18C59F2A241094F600F66632 /* SettingsTableViewController.swift */ = {isa = PBXFileReference; lastKnownFileType = sourcecode.swift; name = SettingsTableViewController.swift; path = Example/SettingsTableViewController.swift; sourceTree = SOURCE_ROOT; };
		18C59F2C2410ADE300F66632 /* Config.swift */ = {isa = PBXFileReference; lastKnownFileType = sourcecode.swift; name = Config.swift; path = Example/Config.swift; sourceTree = SOURCE_ROOT; };
		380B69AF245000EA0054DD30 /* String+MiniApp.swift */ = {isa = PBXFileReference; lastKnownFileType = sourcecode.swift; name = "String+MiniApp.swift"; path = "Example/String+MiniApp.swift"; sourceTree = SOURCE_ROOT; };
		3813F32224051E1D002703D7 /* MiniAppStatusTests.swift */ = {isa = PBXFileReference; lastKnownFileType = sourcecode.swift; path = MiniAppStatusTests.swift; sourceTree = "<group>"; };
		38252B9823DFFBAB008A4E93 /* ListingAPITests.swift */ = {isa = PBXFileReference; lastKnownFileType = sourcecode.swift; path = ListingAPITests.swift; sourceTree = "<group>"; };
		38252B9A23DFFBBE008A4E93 /* ManifestAPITests.swift */ = {isa = PBXFileReference; lastKnownFileType = sourcecode.swift; path = ManifestAPITests.swift; sourceTree = "<group>"; };
		38252B9C23E029FA008A4E93 /* ManifestDownloaderTests.swift */ = {isa = PBXFileReference; lastKnownFileType = sourcecode.swift; path = ManifestDownloaderTests.swift; sourceTree = "<group>"; };
		3850AE712434E02D0046978C /* RealMiniAppTests.swift */ = {isa = PBXFileReference; lastKnownFileType = sourcecode.swift; path = RealMiniAppTests.swift; sourceTree = "<group>"; };
		385C25C923F2E8BA00D61206 /* DisplayerTests.swift */ = {isa = PBXFileReference; lastKnownFileType = sourcecode.swift; path = DisplayerTests.swift; sourceTree = "<group>"; };
		385C25CF23F3991C00D61206 /* RealMiniAppViewTests.swift */ = {isa = PBXFileReference; lastKnownFileType = sourcecode.swift; path = RealMiniAppViewTests.swift; sourceTree = "<group>"; };
		3862EFA723EA5752004D518C /* MiniApp+URLRequestTests.swift */ = {isa = PBXFileReference; lastKnownFileType = sourcecode.swift; path = "MiniApp+URLRequestTests.swift"; sourceTree = "<group>"; };
		3862EFB023EABC15004D518C /* MiniAppDownloaderTests.swift */ = {isa = PBXFileReference; lastKnownFileType = sourcecode.swift; path = MiniAppDownloaderTests.swift; sourceTree = "<group>"; };
		3862EFB423EAF6B8004D518C /* MiniApp+NSErrorTests.swift */ = {isa = PBXFileReference; lastKnownFileType = sourcecode.swift; path = "MiniApp+NSErrorTests.swift"; sourceTree = "<group>"; };
		386A913B23F653E800F5DB1B /* DisplayController.swift */ = {isa = PBXFileReference; lastKnownFileType = sourcecode.swift; name = DisplayController.swift; path = Example/DisplayController.swift; sourceTree = SOURCE_ROOT; };
		38777D9223F67BD2008716A7 /* Progress+UIViewController.swift */ = {isa = PBXFileReference; lastKnownFileType = sourcecode.swift; name = "Progress+UIViewController.swift"; path = "../Example/Progress+UIViewController.swift"; sourceTree = "<group>"; };
		3878D4D123B44F85001E27F8 /* AppDelegate.swift */ = {isa = PBXFileReference; fileEncoding = 4; lastKnownFileType = sourcecode.swift; name = AppDelegate.swift; path = Example/AppDelegate.swift; sourceTree = SOURCE_ROOT; };
		3878D4D223B44F85001E27F8 /* Images.xcassets */ = {isa = PBXFileReference; lastKnownFileType = folder.assetcatalog; name = Images.xcassets; path = Example/Images.xcassets; sourceTree = SOURCE_ROOT; };
		3878D4D323B44F85001E27F8 /* ViewController.swift */ = {isa = PBXFileReference; fileEncoding = 4; lastKnownFileType = sourcecode.swift; name = ViewController.swift; path = Example/ViewController.swift; sourceTree = SOURCE_ROOT; };
		3878D4D723B44F8E001E27F8 /* Info.plist */ = {isa = PBXFileReference; lastKnownFileType = text.plist; name = Info.plist; path = Example/Info.plist; sourceTree = SOURCE_ROOT; };
		388FEEE523DEABCF0062382F /* EnvironmentTests.swift */ = {isa = PBXFileReference; lastKnownFileType = sourcecode.swift; path = EnvironmentTests.swift; sourceTree = "<group>"; };
		3899C2BF242331900087A619 /* URLSchemeHandlerTests.swift */ = {isa = PBXFileReference; lastKnownFileType = sourcecode.swift; path = URLSchemeHandlerTests.swift; sourceTree = "<group>"; };
		389FA22F23D01FA800BC3120 /* MiniAppClientTests.swift */ = {isa = PBXFileReference; lastKnownFileType = sourcecode.swift; path = MiniAppClientTests.swift; sourceTree = "<group>"; };
		38F3B7EF24192E7300914E37 /* UrlParserTests.swift */ = {isa = PBXFileReference; lastKnownFileType = sourcecode.swift; path = UrlParserTests.swift; sourceTree = "<group>"; };
		38F73B4423D554FE00F2C1CE /* Helpers.swift */ = {isa = PBXFileReference; lastKnownFileType = sourcecode.swift; path = Helpers.swift; sourceTree = "<group>"; };
		38F73B4623D55CCB00F2C1CE /* MiniAppInfoFetcherTests.swift */ = {isa = PBXFileReference; lastKnownFileType = sourcecode.swift; path = MiniAppInfoFetcherTests.swift; sourceTree = "<group>"; };
		38FC4652244628F600BE33E0 /* MiniAppScriptMessageHandlerTests.swift */ = {isa = PBXFileReference; lastKnownFileType = sourcecode.swift; path = MiniAppScriptMessageHandlerTests.swift; sourceTree = "<group>"; };
		607FACD01AFB9204008FA782 /* MiniApp_Example.app */ = {isa = PBXFileReference; explicitFileType = wrapper.application; includeInIndex = 0; path = MiniApp_Example.app; sourceTree = BUILT_PRODUCTS_DIR; };
		607FACDA1AFB9204008FA782 /* Base */ = {isa = PBXFileReference; lastKnownFileType = file.storyboard; name = Base; path = Base.lproj/Main.storyboard; sourceTree = "<group>"; };
		607FACDF1AFB9204008FA782 /* Base */ = {isa = PBXFileReference; lastKnownFileType = file.xib; name = Base; path = Base.lproj/LaunchScreen.xib; sourceTree = "<group>"; };
		607FACE51AFB9204008FA782 /* MiniApp_Tests.xctest */ = {isa = PBXFileReference; explicitFileType = wrapper.cfbundle; includeInIndex = 0; path = MiniApp_Tests.xctest; sourceTree = BUILT_PRODUCTS_DIR; };
		607FACEA1AFB9204008FA782 /* Info.plist */ = {isa = PBXFileReference; lastKnownFileType = text.plist.xml; path = Info.plist; sourceTree = "<group>"; };
		7FB3A4D3F3350D35AED2F43D /* LICENSE */ = {isa = PBXFileReference; includeInIndex = 1; lastKnownFileType = text; path = LICENSE; sourceTree = "<group>"; };
		A78AF8E4D879DF8FC03A7E9F /* MiniApp.podspec */ = {isa = PBXFileReference; includeInIndex = 1; lastKnownFileType = text; path = MiniApp.podspec; sourceTree = "<group>"; xcLanguageSpecificationIdentifier = xcode.lang.ruby; };
		D85784C7998D04CE64578236 /* README.md */ = {isa = PBXFileReference; includeInIndex = 1; lastKnownFileType = net.daringfireball.markdown; path = README.md; sourceTree = "<group>"; };
/* End PBXFileReference section */

/* Begin PBXFrameworksBuildPhase section */
		607FACCD1AFB9204008FA782 /* Frameworks */ = {
			isa = PBXFrameworksBuildPhase;
			buildActionMask = 2147483647;
			files = (
			);
			runOnlyForDeploymentPostprocessing = 0;
		};
		607FACE21AFB9204008FA782 /* Frameworks */ = {
			isa = PBXFrameworksBuildPhase;
			buildActionMask = 2147483647;
			files = (
			);
			runOnlyForDeploymentPostprocessing = 0;
		};
/* End PBXFrameworksBuildPhase section */

/* Begin PBXGroup section */
		00051FDBEA11366DAD528C30 /* Pods */ = {
			isa = PBXGroup;
			children = (
			);
			path = Pods;
			sourceTree = "<group>";
		};
		389FA22E23D01A3900BC3120 /* Unit */ = {
			isa = PBXGroup;
			children = (
				389FA22F23D01FA800BC3120 /* MiniAppClientTests.swift */,
				38F73B4623D55CCB00F2C1CE /* MiniAppInfoFetcherTests.swift */,
				38252B9C23E029FA008A4E93 /* ManifestDownloaderTests.swift */,
				388FEEE523DEABCF0062382F /* EnvironmentTests.swift */,
				38252B9823DFFBAB008A4E93 /* ListingAPITests.swift */,
				38252B9A23DFFBBE008A4E93 /* ManifestAPITests.swift */,
				38F73B4423D554FE00F2C1CE /* Helpers.swift */,
				3862EFA723EA5752004D518C /* MiniApp+URLRequestTests.swift */,
				3862EFB023EABC15004D518C /* MiniAppDownloaderTests.swift */,
				3862EFB423EAF6B8004D518C /* MiniApp+NSErrorTests.swift */,
				385C25C923F2E8BA00D61206 /* DisplayerTests.swift */,
				385C25CF23F3991C00D61206 /* RealMiniAppViewTests.swift */,
				3813F32224051E1D002703D7 /* MiniAppStatusTests.swift */,
				38F3B7EF24192E7300914E37 /* UrlParserTests.swift */,
				3899C2BF242331900087A619 /* URLSchemeHandlerTests.swift */,
				3850AE712434E02D0046978C /* RealMiniAppTests.swift */,
				38FC4652244628F600BE33E0 /* MiniAppScriptMessageHandlerTests.swift */,
			);
			path = Unit;
			sourceTree = "<group>";
		};
		607FACC71AFB9204008FA782 = {
			isa = PBXGroup;
			children = (
				607FACF51AFB993E008FA782 /* Podspec Metadata */,
				607FACD21AFB9204008FA782 /* Example for MiniApp */,
				607FACE81AFB9204008FA782 /* Tests */,
				607FACD11AFB9204008FA782 /* Products */,
				00051FDBEA11366DAD528C30 /* Pods */,
			);
			sourceTree = "<group>";
		};
		607FACD11AFB9204008FA782 /* Products */ = {
			isa = PBXGroup;
			children = (
				607FACD01AFB9204008FA782 /* MiniApp_Example.app */,
				607FACE51AFB9204008FA782 /* MiniApp_Tests.xctest */,
			);
			name = Products;
			sourceTree = "<group>";
		};
		607FACD21AFB9204008FA782 /* Example for MiniApp */ = {
			isa = PBXGroup;
			children = (
				3878D4D123B44F85001E27F8 /* AppDelegate.swift */,
				3878D4D323B44F85001E27F8 /* ViewController.swift */,
				18694AD52449891800F97BAA /* ViewController+MiniApp.swift */,
				188F5920243DC6470042618E /* MiniAppCell.swift */,
				188974B72456B02F00042C97 /* FirstLaunchViewController.swift */,
				188F5922243DCBAB0042618E /* DisplayNavigationController.swift */,
				386A913B23F653E800F5DB1B /* DisplayController.swift */,
				18C59F2A241094F600F66632 /* SettingsTableViewController.swift */,
				38777D9223F67BD2008716A7 /* Progress+UIViewController.swift */,
				18694AD12449883300F97BAA /* UIImageView+Extensions.swift */,
				1867996A243EF6C200CD6A8E /* ImageCache.swift */,
				18C59F2C2410ADE300F66632 /* Config.swift */,
				380B69AF245000EA0054DD30 /* String+MiniApp.swift */,
				607FACD91AFB9204008FA782 /* Main.storyboard */,
				607FACDE1AFB9204008FA782 /* LaunchScreen.xib */,
				3878D4D223B44F85001E27F8 /* Images.xcassets */,
				607FACD31AFB9204008FA782 /* Supporting Files */,
			);
			name = "Example for MiniApp";
			path = MiniApp;
			sourceTree = "<group>";
		};
		607FACD31AFB9204008FA782 /* Supporting Files */ = {
			isa = PBXGroup;
			children = (
				3878D4D723B44F8E001E27F8 /* Info.plist */,
				181DC085240F316D00FDF633 /* Localizable.strings */,
			);
			name = "Supporting Files";
			sourceTree = "<group>";
		};
		607FACE81AFB9204008FA782 /* Tests */ = {
			isa = PBXGroup;
			children = (
				389FA22E23D01A3900BC3120 /* Unit */,
				607FACE91AFB9204008FA782 /* Supporting Files */,
			);
			path = Tests;
			sourceTree = "<group>";
		};
		607FACE91AFB9204008FA782 /* Supporting Files */ = {
			isa = PBXGroup;
			children = (
				607FACEA1AFB9204008FA782 /* Info.plist */,
			);
			name = "Supporting Files";
			sourceTree = "<group>";
		};
		607FACF51AFB993E008FA782 /* Podspec Metadata */ = {
			isa = PBXGroup;
			children = (
				A78AF8E4D879DF8FC03A7E9F /* MiniApp.podspec */,
				D85784C7998D04CE64578236 /* README.md */,
				7FB3A4D3F3350D35AED2F43D /* LICENSE */,
			);
			name = "Podspec Metadata";
			sourceTree = "<group>";
		};
/* End PBXGroup section */

/* Begin PBXNativeTarget section */
		607FACCF1AFB9204008FA782 /* MiniApp_Example */ = {
			isa = PBXNativeTarget;
			buildConfigurationList = 607FACEF1AFB9204008FA782 /* Build configuration list for PBXNativeTarget "MiniApp_Example" */;
			buildPhases = (
				607FACCC1AFB9204008FA782 /* Sources */,
				607FACCD1AFB9204008FA782 /* Frameworks */,
				607FACCE1AFB9204008FA782 /* Resources */,
			);
			buildRules = (
			);
			dependencies = (
			);
			name = MiniApp_Example;
			productName = MiniApp;
			productReference = 607FACD01AFB9204008FA782 /* MiniApp_Example.app */;
			productType = "com.apple.product-type.application";
		};
		607FACE41AFB9204008FA782 /* MiniApp_Tests */ = {
			isa = PBXNativeTarget;
			buildConfigurationList = 607FACF21AFB9204008FA782 /* Build configuration list for PBXNativeTarget "MiniApp_Tests" */;
			buildPhases = (
				607FACE11AFB9204008FA782 /* Sources */,
				607FACE21AFB9204008FA782 /* Frameworks */,
				607FACE31AFB9204008FA782 /* Resources */,
			);
			buildRules = (
			);
			dependencies = (
				607FACE71AFB9204008FA782 /* PBXTargetDependency */,
			);
			name = MiniApp_Tests;
			productName = Tests;
			productReference = 607FACE51AFB9204008FA782 /* MiniApp_Tests.xctest */;
			productType = "com.apple.product-type.bundle.unit-test";
		};
/* End PBXNativeTarget section */

/* Begin PBXProject section */
		607FACC81AFB9204008FA782 /* Project object */ = {
			isa = PBXProject;
			attributes = {
				LastSwiftUpdateCheck = 0830;
				LastUpgradeCheck = 1130;
				ORGANIZATIONNAME = CocoaPods;
				TargetAttributes = {
					607FACCF1AFB9204008FA782 = {
						CreatedOnToolsVersion = 6.3.1;
						LastSwiftMigration = 1030;
					};
					607FACE41AFB9204008FA782 = {
						CreatedOnToolsVersion = 6.3.1;
						LastSwiftMigration = 1130;
						TestTargetID = 607FACCF1AFB9204008FA782;
					};
				};
			};
			buildConfigurationList = 607FACCB1AFB9204008FA782 /* Build configuration list for PBXProject "MiniApp" */;
			compatibilityVersion = "Xcode 3.2";
			developmentRegion = en;
			hasScannedForEncodings = 0;
			knownRegions = (
				en,
				Base,
			);
			mainGroup = 607FACC71AFB9204008FA782;
			productRefGroup = 607FACD11AFB9204008FA782 /* Products */;
			projectDirPath = "";
			projectRoot = "";
			targets = (
				607FACCF1AFB9204008FA782 /* MiniApp_Example */,
				607FACE41AFB9204008FA782 /* MiniApp_Tests */,
			);
		};
/* End PBXProject section */

/* Begin PBXResourcesBuildPhase section */
		607FACCE1AFB9204008FA782 /* Resources */ = {
			isa = PBXResourcesBuildPhase;
			buildActionMask = 2147483647;
			files = (
				607FACDB1AFB9204008FA782 /* Main.storyboard in Resources */,
				181DC083240F316D00FDF633 /* Localizable.strings in Resources */,
				3878D4D523B44F85001E27F8 /* Images.xcassets in Resources */,
				607FACE01AFB9204008FA782 /* LaunchScreen.xib in Resources */,
			);
			runOnlyForDeploymentPostprocessing = 0;
		};
		607FACE31AFB9204008FA782 /* Resources */ = {
			isa = PBXResourcesBuildPhase;
			buildActionMask = 2147483647;
			files = (
			);
			runOnlyForDeploymentPostprocessing = 0;
		};
/* End PBXResourcesBuildPhase section */

/* Begin PBXSourcesBuildPhase section */
		607FACCC1AFB9204008FA782 /* Sources */ = {
			isa = PBXSourcesBuildPhase;
			buildActionMask = 2147483647;
			files = (
				18694AD22449883300F97BAA /* UIImageView+Extensions.swift in Sources */,
				18694AD62449891800F97BAA /* ViewController+MiniApp.swift in Sources */,
				188974B82456B02F00042C97 /* FirstLaunchViewController.swift in Sources */,
				188F5921243DC6470042618E /* MiniAppCell.swift in Sources */,
				3878D4D423B44F85001E27F8 /* AppDelegate.swift in Sources */,
				188F5923243DCBAB0042618E /* DisplayNavigationController.swift in Sources */,
				1867996B243EF6C200CD6A8E /* ImageCache.swift in Sources */,
				18C59F2B241094F600F66632 /* SettingsTableViewController.swift in Sources */,
				3878D4D623B44F85001E27F8 /* ViewController.swift in Sources */,
				386A913C23F653E800F5DB1B /* DisplayController.swift in Sources */,
				38777D9323F67BD2008716A7 /* Progress+UIViewController.swift in Sources */,
				18C59F2D2410ADE300F66632 /* Config.swift in Sources */,
				380B69B0245000EA0054DD30 /* String+MiniApp.swift in Sources */,
			);
			runOnlyForDeploymentPostprocessing = 0;
		};
		607FACE11AFB9204008FA782 /* Sources */ = {
			isa = PBXSourcesBuildPhase;
			buildActionMask = 2147483647;
			files = (
				3862EFA823EA5752004D518C /* MiniApp+URLRequestTests.swift in Sources */,
				38F3B7F024192E7300914E37 /* UrlParserTests.swift in Sources */,
				389FA23023D01FA800BC3120 /* MiniAppClientTests.swift in Sources */,
				18D764392419D08600150A30 /* Config.swift in Sources */,
				38252B9D23E029FA008A4E93 /* ManifestDownloaderTests.swift in Sources */,
				38252B9B23DFFBBE008A4E93 /* ManifestAPITests.swift in Sources */,
				3899C2C0242331900087A619 /* URLSchemeHandlerTests.swift in Sources */,
				3850AE722434E02D0046978C /* RealMiniAppTests.swift in Sources */,
				38FC4653244628F600BE33E0 /* MiniAppScriptMessageHandlerTests.swift in Sources */,
				38252B9923DFFBAB008A4E93 /* ListingAPITests.swift in Sources */,
				38F73B4523D554FE00F2C1CE /* Helpers.swift in Sources */,
				385C25CA23F2E8BA00D61206 /* DisplayerTests.swift in Sources */,
				385C25D023F3991C00D61206 /* RealMiniAppViewTests.swift in Sources */,
				38F73B4723D55CCB00F2C1CE /* MiniAppInfoFetcherTests.swift in Sources */,
				388FEEE623DEABCF0062382F /* EnvironmentTests.swift in Sources */,
				3862EFB523EAF6B8004D518C /* MiniApp+NSErrorTests.swift in Sources */,
				3862EFB123EABC15004D518C /* MiniAppDownloaderTests.swift in Sources */,
				3813F32324051E1D002703D7 /* MiniAppStatusTests.swift in Sources */,
			);
			runOnlyForDeploymentPostprocessing = 0;
		};
/* End PBXSourcesBuildPhase section */

/* Begin PBXTargetDependency section */
		607FACE71AFB9204008FA782 /* PBXTargetDependency */ = {
			isa = PBXTargetDependency;
			target = 607FACCF1AFB9204008FA782 /* MiniApp_Example */;
			targetProxy = 607FACE61AFB9204008FA782 /* PBXContainerItemProxy */;
		};
/* End PBXTargetDependency section */

/* Begin PBXVariantGroup section */
		181DC085240F316D00FDF633 /* Localizable.strings */ = {
			isa = PBXVariantGroup;
			children = (
				181DC084240F316D00FDF633 /* en */,
			);
			name = Localizable.strings;
			sourceTree = "<group>";
		};
		607FACD91AFB9204008FA782 /* Main.storyboard */ = {
			isa = PBXVariantGroup;
			children = (
				607FACDA1AFB9204008FA782 /* Base */,
			);
			name = Main.storyboard;
			path = ../Example;
			sourceTree = "<group>";
		};
		607FACDE1AFB9204008FA782 /* LaunchScreen.xib */ = {
			isa = PBXVariantGroup;
			children = (
				607FACDF1AFB9204008FA782 /* Base */,
			);
			name = LaunchScreen.xib;
			path = ../Example;
			sourceTree = "<group>";
		};
/* End PBXVariantGroup section */

/* Begin XCBuildConfiguration section */
		607FACED1AFB9204008FA782 /* Debug */ = {
			isa = XCBuildConfiguration;
			buildSettings = {
				ALWAYS_SEARCH_USER_PATHS = NO;
				CLANG_ANALYZER_LOCALIZABILITY_NONLOCALIZED = YES;
				CLANG_CXX_LANGUAGE_STANDARD = "gnu++0x";
				CLANG_CXX_LIBRARY = "libc++";
				CLANG_ENABLE_MODULES = YES;
				CLANG_ENABLE_OBJC_ARC = YES;
				CLANG_WARN_BLOCK_CAPTURE_AUTORELEASING = YES;
				CLANG_WARN_BOOL_CONVERSION = YES;
				CLANG_WARN_COMMA = YES;
				CLANG_WARN_CONSTANT_CONVERSION = YES;
				CLANG_WARN_DEPRECATED_OBJC_IMPLEMENTATIONS = YES;
				CLANG_WARN_DIRECT_OBJC_ISA_USAGE = YES_ERROR;
				CLANG_WARN_EMPTY_BODY = YES;
				CLANG_WARN_ENUM_CONVERSION = YES;
				CLANG_WARN_INFINITE_RECURSION = YES;
				CLANG_WARN_INT_CONVERSION = YES;
				CLANG_WARN_NON_LITERAL_NULL_CONVERSION = YES;
				CLANG_WARN_OBJC_IMPLICIT_RETAIN_SELF = YES;
				CLANG_WARN_OBJC_LITERAL_CONVERSION = YES;
				CLANG_WARN_OBJC_ROOT_CLASS = YES_ERROR;
				CLANG_WARN_RANGE_LOOP_ANALYSIS = YES;
				CLANG_WARN_STRICT_PROTOTYPES = YES;
				CLANG_WARN_SUSPICIOUS_MOVE = YES;
				CLANG_WARN_UNREACHABLE_CODE = YES;
				CLANG_WARN__DUPLICATE_METHOD_MATCH = YES;
				"CODE_SIGN_IDENTITY[sdk=iphoneos*]" = "iPhone Developer";
				COPY_PHASE_STRIP = NO;
				DEBUG_INFORMATION_FORMAT = "dwarf-with-dsym";
				ENABLE_STRICT_OBJC_MSGSEND = YES;
				ENABLE_TESTABILITY = YES;
				GCC_C_LANGUAGE_STANDARD = gnu99;
				GCC_DYNAMIC_NO_PIC = NO;
				GCC_NO_COMMON_BLOCKS = YES;
				GCC_OPTIMIZATION_LEVEL = 0;
				GCC_PREPROCESSOR_DEFINITIONS = (
					"DEBUG=1",
					"$(inherited)",
				);
				GCC_SYMBOLS_PRIVATE_EXTERN = NO;
				GCC_WARN_64_TO_32_BIT_CONVERSION = YES;
				GCC_WARN_ABOUT_RETURN_TYPE = YES_ERROR;
				GCC_WARN_UNDECLARED_SELECTOR = YES;
				GCC_WARN_UNINITIALIZED_AUTOS = YES_AGGRESSIVE;
				GCC_WARN_UNUSED_FUNCTION = YES;
				GCC_WARN_UNUSED_VARIABLE = YES;
				IPHONEOS_DEPLOYMENT_TARGET = 11.0;
				MTL_ENABLE_DEBUG_INFO = YES;
				ONLY_ACTIVE_ARCH = YES;
				SDKROOT = iphoneos;
				SWIFT_OPTIMIZATION_LEVEL = "-Onone";
			};
			name = Debug;
		};
		607FACEE1AFB9204008FA782 /* Release */ = {
			isa = XCBuildConfiguration;
			buildSettings = {
				ALWAYS_SEARCH_USER_PATHS = NO;
				CLANG_ANALYZER_LOCALIZABILITY_NONLOCALIZED = YES;
				CLANG_CXX_LANGUAGE_STANDARD = "gnu++0x";
				CLANG_CXX_LIBRARY = "libc++";
				CLANG_ENABLE_MODULES = YES;
				CLANG_ENABLE_OBJC_ARC = YES;
				CLANG_WARN_BLOCK_CAPTURE_AUTORELEASING = YES;
				CLANG_WARN_BOOL_CONVERSION = YES;
				CLANG_WARN_COMMA = YES;
				CLANG_WARN_CONSTANT_CONVERSION = YES;
				CLANG_WARN_DEPRECATED_OBJC_IMPLEMENTATIONS = YES;
				CLANG_WARN_DIRECT_OBJC_ISA_USAGE = YES_ERROR;
				CLANG_WARN_EMPTY_BODY = YES;
				CLANG_WARN_ENUM_CONVERSION = YES;
				CLANG_WARN_INFINITE_RECURSION = YES;
				CLANG_WARN_INT_CONVERSION = YES;
				CLANG_WARN_NON_LITERAL_NULL_CONVERSION = YES;
				CLANG_WARN_OBJC_IMPLICIT_RETAIN_SELF = YES;
				CLANG_WARN_OBJC_LITERAL_CONVERSION = YES;
				CLANG_WARN_OBJC_ROOT_CLASS = YES_ERROR;
				CLANG_WARN_RANGE_LOOP_ANALYSIS = YES;
				CLANG_WARN_STRICT_PROTOTYPES = YES;
				CLANG_WARN_SUSPICIOUS_MOVE = YES;
				CLANG_WARN_UNREACHABLE_CODE = YES;
				CLANG_WARN__DUPLICATE_METHOD_MATCH = YES;
				"CODE_SIGN_IDENTITY[sdk=iphoneos*]" = "iPhone Developer";
				COPY_PHASE_STRIP = NO;
				DEBUG_INFORMATION_FORMAT = "dwarf-with-dsym";
				ENABLE_NS_ASSERTIONS = NO;
				ENABLE_STRICT_OBJC_MSGSEND = YES;
				GCC_C_LANGUAGE_STANDARD = gnu99;
				GCC_NO_COMMON_BLOCKS = YES;
				GCC_WARN_64_TO_32_BIT_CONVERSION = YES;
				GCC_WARN_ABOUT_RETURN_TYPE = YES_ERROR;
				GCC_WARN_UNDECLARED_SELECTOR = YES;
				GCC_WARN_UNINITIALIZED_AUTOS = YES_AGGRESSIVE;
				GCC_WARN_UNUSED_FUNCTION = YES;
				GCC_WARN_UNUSED_VARIABLE = YES;
				IPHONEOS_DEPLOYMENT_TARGET = 11.0;
				MTL_ENABLE_DEBUG_INFO = NO;
				SDKROOT = iphoneos;
				SWIFT_OPTIMIZATION_LEVEL = "-Owholemodule";
				VALIDATE_PRODUCT = YES;
			};
			name = Release;
		};
		607FACF01AFB9204008FA782 /* Debug */ = {
			isa = XCBuildConfiguration;
			buildSettings = {
				ASSETCATALOG_COMPILER_APPICON_NAME = AppIcon;
				INFOPLIST_FILE = "$(SRCROOT)/Example/Info.plist";
				LD_RUNPATH_SEARCH_PATHS = "$(inherited) @executable_path/Frameworks";
				MODULE_NAME = ExampleApp;
				PRODUCT_BUNDLE_IDENTIFIER = com.rakuten.tech.mobile.miniapp.MiniAppDemo;
				PRODUCT_NAME = "$(TARGET_NAME)";
				SWIFT_VERSION = 5.0;
			};
			name = Debug;
		};
		607FACF11AFB9204008FA782 /* Release */ = {
			isa = XCBuildConfiguration;
			buildSettings = {
				ASSETCATALOG_COMPILER_APPICON_NAME = AppIcon;
				INFOPLIST_FILE = "$(SRCROOT)/Example/Info.plist";
				LD_RUNPATH_SEARCH_PATHS = "$(inherited) @executable_path/Frameworks";
				MODULE_NAME = ExampleApp;
				PRODUCT_BUNDLE_IDENTIFIER = com.rakuten.tech.mobile.miniapp.MiniAppDemo;
				PRODUCT_NAME = "$(TARGET_NAME)";
				SWIFT_VERSION = 5.0;
			};
			name = Release;
		};
		607FACF31AFB9204008FA782 /* Debug */ = {
			isa = XCBuildConfiguration;
			buildSettings = {
				BUNDLE_LOADER = "$(TEST_HOST)";
				CLANG_ENABLE_MODULES = YES;
				FRAMEWORK_SEARCH_PATHS = (
					"$(PLATFORM_DIR)/Developer/Library/Frameworks",
					"$(inherited)",
				);
				GCC_PREPROCESSOR_DEFINITIONS = (
					"DEBUG=1",
					"$(inherited)",
				);
				INFOPLIST_FILE = Tests/Info.plist;
				LD_RUNPATH_SEARCH_PATHS = "$(inherited) @executable_path/Frameworks @loader_path/Frameworks";
				PRODUCT_BUNDLE_IDENTIFIER = "org.cocoapods.$(PRODUCT_NAME:rfc1034identifier)";
				PRODUCT_NAME = "$(TARGET_NAME)";
				SWIFT_OPTIMIZATION_LEVEL = "-Onone";
				SWIFT_VERSION = 5.0;
				TEST_HOST = "$(BUILT_PRODUCTS_DIR)/MiniApp_Example.app/MiniApp_Example";
			};
			name = Debug;
		};
		607FACF41AFB9204008FA782 /* Release */ = {
			isa = XCBuildConfiguration;
			buildSettings = {
				BUNDLE_LOADER = "$(TEST_HOST)";
				CLANG_ENABLE_MODULES = YES;
				FRAMEWORK_SEARCH_PATHS = (
					"$(PLATFORM_DIR)/Developer/Library/Frameworks",
					"$(inherited)",
				);
				INFOPLIST_FILE = Tests/Info.plist;
				LD_RUNPATH_SEARCH_PATHS = "$(inherited) @executable_path/Frameworks @loader_path/Frameworks";
				PRODUCT_BUNDLE_IDENTIFIER = "org.cocoapods.$(PRODUCT_NAME:rfc1034identifier)";
				PRODUCT_NAME = "$(TARGET_NAME)";
				SWIFT_VERSION = 5.0;
				TEST_HOST = "$(BUILT_PRODUCTS_DIR)/MiniApp_Example.app/MiniApp_Example";
			};
			name = Release;
		};
/* End XCBuildConfiguration section */

/* Begin XCConfigurationList section */
		607FACCB1AFB9204008FA782 /* Build configuration list for PBXProject "MiniApp" */ = {
			isa = XCConfigurationList;
			buildConfigurations = (
				607FACED1AFB9204008FA782 /* Debug */,
				607FACEE1AFB9204008FA782 /* Release */,
			);
			defaultConfigurationIsVisible = 0;
			defaultConfigurationName = Release;
		};
		607FACEF1AFB9204008FA782 /* Build configuration list for PBXNativeTarget "MiniApp_Example" */ = {
			isa = XCConfigurationList;
			buildConfigurations = (
				607FACF01AFB9204008FA782 /* Debug */,
				607FACF11AFB9204008FA782 /* Release */,
			);
			defaultConfigurationIsVisible = 0;
			defaultConfigurationName = Release;
		};
		607FACF21AFB9204008FA782 /* Build configuration list for PBXNativeTarget "MiniApp_Tests" */ = {
			isa = XCConfigurationList;
			buildConfigurations = (
				607FACF31AFB9204008FA782 /* Debug */,
				607FACF41AFB9204008FA782 /* Release */,
			);
			defaultConfigurationIsVisible = 0;
			defaultConfigurationName = Release;
		};
/* End XCConfigurationList section */
	};
	rootObject = 607FACC81AFB9204008FA782 /* Project object */;
}
