{
  "object": {
    "pins": [
      {
        "package": "GoogleAppMeasurement",
        "repositoryURL": "https://github.com/google/GoogleAppMeasurement.git",
        "state": {
          "branch": null,
          "revision": "ef819db8c58657a6ca367322e73f3b6322afe0a2",
          "version": "8.15.0"
        }
      },
      {
        "package": "GoogleMobileAds-SPM",
        "repositoryURL": "https://github.com/rakutentech/GoogleMobileAds-SPM.git",
        "state": {
          "branch": null,
          "revision": "7d006438585368541fce6f4840d30b682cd9ee0d",
          "version": "8.13.0"
        }
      },
      {
        "package": "GoogleUserMessagingPlatform-SPM",
        "repositoryURL": "https://github.com/rakutentech/GoogleUserMessagingPlatform-SPM.git",
        "state": {
          "branch": null,
          "revision": "cea32e8a4f0665795b065d9aff4a5db1976f4430",
          "version": "2.0.0"
        }
      },
      {
        "package": "GoogleUtilities",
        "repositoryURL": "https://github.com/google/GoogleUtilities.git",
        "state": {
          "branch": null,
          "revision": "6db6edb48bdd9943426562c7f042a5492de5ba3d",
          "version": "7.10.0"
        }
      },
      {
        "package": "nanopb",
        "repositoryURL": "https://github.com/firebase/nanopb.git",
        "state": {
          "branch": null,
          "revision": "7ee9ef9f627d85cbe1b8c4f49a3ed26eed216c77",
          "version": "2.30908.0"
        }
      },
      {
        "package": "Promises",
        "repositoryURL": "https://github.com/google/promises.git",
        "state": {
          "branch": null,
          "revision": "3e4e743631e86c8c70dbc6efdc7beaa6e90fd3bb",
          "version": "2.1.1"
        }
      },
      {
        "package": "SQLite.swift",
        "repositoryURL": "https://github.com/stephencelis/SQLite.swift",
        "state": {
          "branch": null,
          "revision": "7a2e3cd27de56f6d396e84f63beefd0267b55ccb",
          "version": "0.14.1"
        }
      },
      {
        "package": "TrustKit",
        "repositoryURL": "https://github.com/datatheorem/TrustKit.git",
        "state": {
          "branch": null,
          "revision": "65d573e0e2687ea91ab0b1be377f9dd3eb1c2785",
          "version": "2.0.1"
        }
      },
      {
        "package": "ZIPFoundation",
        "repositoryURL": "https://github.com/weichsel/ZIPFoundation.git",
        "state": {
          "branch": null,
          "revision": "43ec568034b3731101dbf7670765d671c30f54f3",
          "version": "0.9.16"
        }
      }
    ]
  },
  "version": 1
}
