{
    "requires": true,
    "lockfileVersion": 1,
    "dependencies": {
        "@brightcove/player-loader": {
            "version": "1.7.1",
            "resolved": "https://registry.npmjs.org/@brightcove/player-loader/-/player-loader-1.7.1.tgz",
            "integrity": "sha512-shmLow7y8ECiqKBYlawnhnMuniBHjPJK5evrH5dFciji/WWwB0IwHLKdbxN8u59I1dIum4prPNxjUOt07a7CXA==",
            "requires": {
                "@brightcove/player-url": "^1.2.0",
                "global": "^4.3.2"
            }
        },
        "@brightcove/player-url": {
            "version": "1.2.0",
            "resolved": "https://registry.npmjs.org/@brightcove/player-url/-/player-url-1.2.0.tgz",
            "integrity": "sha512-MhmB5JZAAPG3l3FbLiDrkNo5TKQI4Mp1xZmKk1y0DrIibh1loE14raabI30X3rizKT5ThTdvRmLlVMENUn7Gvw=="
        },
        "@brightcove/react-player-loader": {
            "version": "1.4.0",
            "resolved": "https://registry.npmjs.org/@brightcove/react-player-loader/-/react-player-loader-1.4.0.tgz",
            "integrity": "sha512-a/R050Lskm/U9jv2P7jzrNTLrY+RoRXyZKlOsCd5S2PWyAlAoV6zkLp5xa9xpVcuOeJqoefCZXTYkBBZAf3FYA==",
            "requires": {
                "@brightcove/player-loader": "^1.7.1"
            }
        },
        "dom-walk": {
            "version": "0.1.2",
            "resolved": "https://registry.npmjs.org/dom-walk/-/dom-walk-0.1.2.tgz",
            "integrity": "sha512-6QvTW9mrGeIegrFXdtQi9pk7O/nSK6lSdXW2eqUspN5LWD7UTji2Fqw5V2YLjBpHEoU9Xl/eUWNpDeZvoyOv2w=="
        },
        "global": {
            "version": "4.4.0",
            "resolved": "https://registry.npmjs.org/global/-/global-4.4.0.tgz",
            "integrity": "sha512-wv/LAoHdRE3BeTGz53FAamhGlPLhlssK45usmGFThIi4XqnBmjKQ16u+RNbP7WvigRZDxUsM0J3gcQ5yicaL0w==",
            "requires": {
                "min-document": "^2.19.0",
                "process": "^0.11.10"
            }
        },
        "min-document": {
            "version": "2.19.0",
            "resolved": "https://registry.npmjs.org/min-document/-/min-document-2.19.0.tgz",
            "integrity": "sha1-e9KC4/WELtKVu3SM3Z8f+iyCRoU=",
            "requires": {
                "dom-walk": "^0.1.0"
            }
        },
        "process": {
            "version": "0.11.10",
            "resolved": "https://registry.npmjs.org/process/-/process-0.11.10.tgz",
            "integrity": "sha1-czIwDoQBYb2j5podHZGn1LwW8YI="
        }
    }
}
