{
  "object": {
    "pins": [
      {
        "package": "GoogleAppMeasurement",
        "repositoryURL": "https://github.com/google/GoogleAppMeasurement.git",
        "state": {
          "branch": null,
          "revision": "6cc2991c11872510a5314bc112cc7558dd9d046a",
          "version": "8.12.0"
        }
      },
      {
        "package": "GoogleMobileAds-SPM",
        "repositoryURL": "https://github.com/rakutentech/GoogleMobileAds-SPM.git",
        "state": {
          "branch": null,
          "revision": "7d006438585368541fce6f4840d30b682cd9ee0d",
          "version": "8.13.0"
        }
      },
      {
        "package": "GoogleUserMessagingPlatform-SPM",
        "repositoryURL": "https://github.com/rakutentech/GoogleUserMessagingPlatform-SPM.git",
        "state": {
          "branch": null,
          "revision": "cea32e8a4f0665795b065d9aff4a5db1976f4430",
          "version": "2.0.0"
        }
      },
      {
        "package": "GoogleUtilities",
        "repositoryURL": "https://github.com/google/GoogleUtilities.git",
        "state": {
          "branch": null,
          "revision": "b3bb0c5551fb3f80ca939829639ab5b093edd14f",
          "version": "7.7.0"
        }
      },
      {
        "package": "RAnalytics",
        "repositoryURL": "https://github.com/rakutentech/ios-analytics-framework.git",
        "state": {
          "branch": null,
          "revision": "f24b551dbd438120a3637d0f31200bec338c6250",
          "version": "8.3.0"
        }
      },
      {
        "package": "nanopb",
        "repositoryURL": "https://github.com/firebase/nanopb.git",
        "state": {
          "branch": null,
          "revision": "7ee9ef9f627d85cbe1b8c4f49a3ed26eed216c77",
          "version": "2.30908.0"
        }
      },
      {
        "package": "Promises",
        "repositoryURL": "https://github.com/google/promises.git",
        "state": {
          "branch": null,
          "revision": "611337c330350c9c1823ad6d671e7f936af5ee13",
          "version": "2.0.0"
        }
      },
      {
        "package": "SQLite.swift",
        "repositoryURL": "https://github.com/stephencelis/SQLite.swift",
        "state": {
          "branch": null,
          "revision": "4d543d811ee644fa4cc4bfa0be996b4dd6ba0f54",
          "version": "0.13.3"
        }
      },
      {
        "package": "TrustKit",
        "repositoryURL": "https://github.com/datatheorem/TrustKit.git",
        "state": {
          "branch": null,
          "revision": "3e98aeb36aff65067cdae55bca7be7f1157deffb",
          "version": "2.0.0"
        }
      },
      {
        "package": "ZIPFoundation",
        "repositoryURL": "https://github.com/weichsel/ZIPFoundation.git",
        "state": {
          "branch": null,
          "revision": "7254c74b49cec2cb81520523ba993c671f71b066",
          "version": "0.9.14"
        }
      }
    ]
  },
  "version": 1
}
