PODS:
  - MiniApp (2.2.0):
    - RSDKUtils (>= 1.1.0)
    - ZIPFoundation
  - Nimble (8.1.2)
  - Quick (3.0.0)
  - RSDKUtils (1.1.0)
  - ZIPFoundation (0.9.11)

DEPENDENCIES:
  - MiniApp (from `./`)
  - Nimble
  - Quick

SPEC REPOS:
  trunk:
    - Nimble
    - Quick
    - RSDKUtils
    - ZIPFoundation

EXTERNAL SOURCES:
  MiniApp:
    :path: "./"

SPEC CHECKSUMS:
  MiniApp: b38a7b6e873352172cc0ee52b3f4f52e6903c6c6
  Nimble: 3864815b4703c7ebffba875973c70e854489fbae
  Quick: 6d9559f40647bc4d510103842ef2fdd882d753e2
  RSDKUtils: 9940b99fa0494181b8ee2cfa2ac742bb0958b984
  ZIPFoundation: b1f0de4eed33e74a676f76e12559ab6b75990197

PODFILE CHECKSUM: ca9d5c9f0e66d29311ef20fb6d4ac797977bd6bf

COCOAPODS: 1.9.3
