PODS:
  - MiniApp (1.1.1)
  - Nimble (8.1.1)
  - Quick (3.0.0)

DEPENDENCIES:
  - MiniApp (from `./`)
  - Nimble
  - Quick

SPEC REPOS:
  trunk:
    - Nimble
    - Quick

EXTERNAL SOURCES:
  MiniApp:
    :path: "./"

SPEC CHECKSUMS:
  MiniApp: 99cfcb260d9d4d0eeb9e919c0394dd0e18d2a492
  Nimble: 5f8a2fb6fa343a7242dfdd9d42f7267419d464b2
  Quick: 6d9559f40647bc4d510103842ef2fdd882d753e2

PODFILE CHECKSUM: 73865deea491c41e4c4edff3bff606af1e29d969

COCOAPODS: 1.8.4
