PODS:
  - MiniApp (2.6.0):
    - RSDKUtils (>= 1.1.0)
    - ZIPFoundation
  - Nimble (9.0.0)
  - Quick (3.0.0)
  - RSDKUtils (1.1.0)
  - ZIPFoundation (0.9.11)

DEPENDENCIES:
  - MiniApp (from `./`)
  - Nimble
  - Quick

SPEC REPOS:
  trunk:
    - Nimble
    - Quick
    - RSDKUtils
    - ZIPFoundation

EXTERNAL SOURCES:
  MiniApp:
    :path: "./"

SPEC CHECKSUMS:
  MiniApp: 88e5941c15911bfbf255f10b529a809d5363aa1b
  Nimble: 3b4ec3fd40f1dc178058e0981107721c615643d8
  Quick: 6d9559f40647bc4d510103842ef2fdd882d753e2
  RSDKUtils: 9940b99fa0494181b8ee2cfa2ac742bb0958b984
  ZIPFoundation: b1f0de4eed33e74a676f76e12559ab6b75990197

PODFILE CHECKSUM: ca9d5c9f0e66d29311ef20fb6d4ac797977bd6bf

COCOAPODS: 1.9.3
