<?xml version="1.0" encoding="UTF-8"?>
<Scheme
   LastUpgradeVersion = "1250"
   version = "1.7">
   <BuildAction
      parallelizeBuildables = "YES"
      buildImplicitDependencies = "YES">
      <PreActions>
         <ExecutionAction
            ActionType = "Xcode.IDEStandardExecutionActionsCore.ExecutionActionType.ShellScriptAction">
            <ActionContent
               title = "Manage version number"
               scriptText = "exec &gt; ${PROJECT_DIR}/prebuild.log 2&gt;&amp;1&#10;cd ${PROJECT_DIR}&#10;CURRENT_VERSION=$(grep -o -m 1 -E &quot;([0-9]{1,}\.)+([0-9]{1,}\.)+[0-9]{1,}&quot; MiniApp.podspec)&#10;REPLACE_STRING=&quot;                        expect(environmentInfo?.sdkVersion).toEventually(equal(\&quot;$CURRENT_VERSION\&quot;))&quot;&#10;SEARCH_STRING=$(grep &quot;expect(environmentInfo?.sdkVersion)&quot; Tests/Unit/MiniAppScriptMessageHandlerTests.swift)&#10;sed -i &quot;&quot; -e &quot;s/$SEARCH_STRING/$REPLACE_STRING/&quot; Tests/Unit/MiniAppScriptMessageHandlerTests.swift&#10;">
               <EnvironmentBuildable>
                  <BuildableReference
                     BuildableIdentifier = "primary"
                     BlueprintIdentifier = "607FACCF1AFB9204008FA782"
                     BuildableName = "MiniApp_Example.app"
                     BlueprintName = "MiniApp_Example"
                     ReferencedContainer = "container:Sample.xcodeproj">
                  </BuildableReference>
               </EnvironmentBuildable>
            </ActionContent>
         </ExecutionAction>
      </PreActions>
      <BuildActionEntries>
         <BuildActionEntry
            buildForTesting = "YES"
            buildForRunning = "YES"
            buildForProfiling = "NO"
            buildForArchiving = "NO"
            buildForAnalyzing = "NO">
            <BuildableReference
               BuildableIdentifier = "primary"
               BlueprintIdentifier = "607FACE41AFB9204008FA782"
               BuildableName = "MiniApp_Tests.xctest"
               BlueprintName = "MiniApp_Tests"
               ReferencedContainer = "container:Sample.xcodeproj">
            </BuildableReference>
         </BuildActionEntry>
         <BuildActionEntry
            buildForTesting = "YES"
            buildForRunning = "YES"
            buildForProfiling = "NO"
            buildForArchiving = "NO"
            buildForAnalyzing = "NO">
            <BuildableReference
               BuildableIdentifier = "primary"
               BlueprintIdentifier = "607FACCF1AFB9204008FA782"
               BuildableName = "MiniApp_Example.app"
               BlueprintName = "MiniApp_Example"
               ReferencedContainer = "container:Sample.xcodeproj">
            </BuildableReference>
         </BuildActionEntry>
      </BuildActionEntries>
   </BuildAction>
   <TestAction
      buildConfiguration = "Debug"
      selectedDebuggerIdentifier = "Xcode.DebuggerFoundation.Debugger.LLDB"
      selectedLauncherIdentifier = "Xcode.DebuggerFoundation.Launcher.LLDB"
      shouldUseLaunchSchemeArgsEnv = "YES"
      codeCoverageEnabled = "YES">
      <Testables>
         <TestableReference
            skipped = "NO">
            <BuildableReference
               BuildableIdentifier = "primary"
               BlueprintIdentifier = "607FACE41AFB9204008FA782"
               BuildableName = "MiniApp_Tests.xctest"
               BlueprintName = "MiniApp_Tests"
               ReferencedContainer = "container:Sample.xcodeproj">
            </BuildableReference>
            <LocationScenarioReference
               identifier = "Tokyo, Japan"
               referenceType = "1">
            </LocationScenarioReference>
         </TestableReference>
      </Testables>
   </TestAction>
   <LaunchAction
      buildConfiguration = "Debug"
      selectedDebuggerIdentifier = "Xcode.DebuggerFoundation.Debugger.LLDB"
      selectedLauncherIdentifier = "Xcode.DebuggerFoundation.Launcher.LLDB"
      launchStyle = "0"
      useCustomWorkingDirectory = "NO"
      ignoresPersistentStateOnLaunch = "NO"
      debugDocumentVersioning = "YES"
      debugServiceExtension = "internal"
      allowLocationSimulation = "YES">
   </LaunchAction>
   <ProfileAction
      buildConfiguration = "Release"
      shouldUseLaunchSchemeArgsEnv = "YES"
      savedToolIdentifier = ""
      useCustomWorkingDirectory = "NO"
      debugDocumentVersioning = "YES">
   </ProfileAction>
   <AnalyzeAction
      buildConfiguration = "Debug">
   </AnalyzeAction>
   <ArchiveAction
      buildConfiguration = "Release"
      revealArchiveInOrganizer = "YES">
   </ArchiveAction>
</Scheme>
